
Microsoft Visual Studio Solution File, Format Version 12.00
# Visual Studio Version 17
VisualStudioVersion = 17.11.34909.67
MinimumVisualStudioVersion = 10.0.40219.1
Project("{FAE04EC0-301F-11D3-BF4B-00C04F79EFBC}") = "EmployeeCRUDAPIs", "EmployeeCRUDAPIs\EmployeeCRUDAPIs.csproj", "{64180C53-2F10-44DA-ACDA-A8916FBB832E}"
EndProject
Global
	GlobalSection(SolutionConfigurationPlatforms) = preSolution
		Debug|Any CPU = Debug|Any CPU
		Release|Any CPU = Release|Any CPU
	EndGlobalSection
	GlobalSection(ProjectConfigurationPlatforms) = postSolution
		{64180C53-2F10-44DA-ACDA-A8916FBB832E}.Debug|Any CPU.ActiveCfg = Debug|Any CPU
		{64180C53-2F10-44DA-ACDA-A8916FBB832E}.Debug|Any CPU.Build.0 = Debug|Any CPU
		{64180C53-2F10-44DA-ACDA-A8916FBB832E}.Release|Any CPU.ActiveCfg = Release|Any CPU
		{64180C53-2F10-44DA-ACDA-A8916FBB832E}.Release|Any CPU.Build.0 = Release|Any CPU
	EndGlobalSection
	GlobalSection(SolutionProperties) = preSolution
		HideSolutionNode = FALSE
	EndGlobalSection
	GlobalSection(ExtensibilityGlobals) = postSolution
		SolutionGuid = {24D84603-493E-473D-8A54-7B3F66DEC537}
	EndGlobalSection
EndGlobal
